Microsoft Visual Studio Solution File, Format Version 12.00
# Visual Studio Version 16
VisualStudioVersion = 16.0.0.0
MinimumVisualStudioVersion = 16.0.0.0
Project("{9A19103F-16F7-4668-BE54-9A1E7A4F7556}") = "BlazorCrudDotNet8", "BlazorCrudDotNet8\BlazorCrudDotNet8.csproj", "{45E59804-E9D5-4C29-AE52-6860F8E49153}"
EndProject
Project("{9A19103F-16F7-4668-BE54-9A1E7A4F7556}") = "BlazorCrudDotNet8.Client", "BlazorCrudDotNet8.Client\BlazorCrudDotNet8.Client.csproj", "{B810F425-2C34-4C33-A00A-1B4CD08ADE53}"
EndProject
Project("{FAE04EC0-301F-11D3-BF4B-00C04F79EFBC}") = "BlazorCrudDotNet8.AcceptanceTests", "BlazorCrudDotNet8.AcceptanceTests\BlazorCrudDotNet8.AcceptanceTests.csproj", "{90E34B4F-ABB5-4FBA-A32D-A9B54BC48454}"
EndProject
Project("{FAE04EC0-301F-11D3-BF4B-00C04F79EFBC}") = "BlazorCrudDotNet8.BusinessLogic", "BlazorCrudDotNet8.BusinessLogic\BlazorCrudDotNet8.BusinessLogic.csproj", "{6173DD23-7361-45A1-A6B4-1EC5120F2B7C}"
EndProject
Global
	GlobalSection(SolutionConfigurationPlatforms) = preSolution
		Debug|Any CPU = Debug|Any CPU
		Debug|x64 = Debug|x64
		Debug|x86 = Debug|x86
		Release|Any CPU = Release|Any CPU
		Release|x64 = Release|x64
		Release|x86 = Release|x86
	EndGlobalSection
	GlobalSection(ProjectConfigurationPlatforms) = postSolution
		{B810F425-2C34-4C33-A00A-1B4CD08ADE53}.Debug|Any CPU.ActiveCfg = Debug|Any CPU
		{B810F425-2C34-4C33-A00A-1B4CD08ADE53}.Debug|Any CPU.Build.0 = Debug|Any CPU
		{B810F425-2C34-4C33-A00A-1B4CD08ADE53}.Debug|x64.ActiveCfg = Debug|Any CPU
		{B810F425-2C34-4C33-A00A-1B4CD08ADE53}.Debug|x64.Build.0 = Debug|Any CPU
		{B810F425-2C34-4C33-A00A-1B4CD08ADE53}.Debug|x86.ActiveCfg = Debug|Any CPU
		{B810F425-2C34-4C33-A00A-1B4CD08ADE53}.Debug|x86.Build.0 = Debug|Any CPU
		{B810F425-2C34-4C33-A00A-1B4CD08ADE53}.Release|Any CPU.ActiveCfg = Release|Any CPU
		{B810F425-2C34-4C33-A00A-1B4CD08ADE53}.Release|Any CPU.Build.0 = Release|Any CPU
		{B810F425-2C34-4C33-A00A-1B4CD08ADE53}.Release|x64.ActiveCfg = Release|Any CPU
		{B810F425-2C34-4C33-A00A-1B4CD08ADE53}.Release|x64.Build.0 = Release|Any CPU
		{B810F425-2C34-4C33-A00A-1B4CD08ADE53}.Release|x86.ActiveCfg = Release|Any CPU
		{B810F425-2C34-4C33-A00A-1B4CD08ADE53}.Release|x86.Build.0 = Release|Any CPU
		{45E59804-E9D5-4C29-AE52-6860F8E49153}.Debug|Any CPU.ActiveCfg = Debug|Any CPU
		{45E59804-E9D5-4C29-AE52-6860F8E49153}.Debug|Any CPU.Build.0 = Debug|Any CPU
		{45E59804-E9D5-4C29-AE52-6860F8E49153}.Debug|x64.ActiveCfg = Debug|Any CPU
		{45E59804-E9D5-4C29-AE52-6860F8E49153}.Debug|x64.Build.0 = Debug|Any CPU
		{45E59804-E9D5-4C29-AE52-6860F8E49153}.Debug|x86.ActiveCfg = Debug|Any CPU
		{45E59804-E9D5-4C29-AE52-6860F8E49153}.Debug|x86.Build.0 = Debug|Any CPU
		{45E59804-E9D5-4C29-AE52-6860F8E49153}.Release|Any CPU.ActiveCfg = Release|Any CPU
		{45E59804-E9D5-4C29-AE52-6860F8E49153}.Release|Any CPU.Build.0 = Release|Any CPU
		{45E59804-E9D5-4C29-AE52-6860F8E49153}.Release|x64.ActiveCfg = Release|Any CPU
		{45E59804-E9D5-4C29-AE52-6860F8E49153}.Release|x64.Build.0 = Release|Any CPU
		{45E59804-E9D5-4C29-AE52-6860F8E49153}.Release|x86.ActiveCfg = Release|Any CPU
		{45E59804-E9D5-4C29-AE52-6860F8E49153}.Release|x86.Build.0 = Release|Any CPU
		{90E34B4F-ABB5-4FBA-A32D-A9B54BC48454}.Debug|Any CPU.ActiveCfg = Debug|Any CPU
		{90E34B4F-ABB5-4FBA-A32D-A9B54BC48454}.Debug|Any CPU.Build.0 = Debug|Any CPU
		{90E34B4F-ABB5-4FBA-A32D-A9B54BC48454}.Debug|x64.ActiveCfg = Debug|Any CPU
		{90E34B4F-ABB5-4FBA-A32D-A9B54BC48454}.Debug|x64.Build.0 = Debug|Any CPU
		{90E34B4F-ABB5-4FBA-A32D-A9B54BC48454}.Debug|x86.ActiveCfg = Debug|Any CPU
		{90E34B4F-ABB5-4FBA-A32D-A9B54BC48454}.Debug|x86.Build.0 = Debug|Any CPU
		{90E34B4F-ABB5-4FBA-A32D-A9B54BC48454}.Release|Any CPU.ActiveCfg = Release|Any CPU
		{90E34B4F-ABB5-4FBA-A32D-A9B54BC48454}.Release|Any CPU.Build.0 = Release|Any CPU
		{90E34B4F-ABB5-4FBA-A32D-A9B54BC48454}.Release|x64.ActiveCfg = Release|Any CPU
		{90E34B4F-ABB5-4FBA-A32D-A9B54BC48454}.Release|x64.Build.0 = Release|Any CPU
		{90E34B4F-ABB5-4FBA-A32D-A9B54BC48454}.Release|x86.ActiveCfg = Release|Any CPU
		{90E34B4F-ABB5-4FBA-A32D-A9B54BC48454}.Release|x86.Build.0 = Release|Any CPU
		{6173DD23-7361-45A1-A6B4-1EC5120F2B7C}.Debug|Any CPU.ActiveCfg = Debug|Any CPU
		{6173DD23-7361-45A1-A6B4-1EC5120F2B7C}.Debug|Any CPU.Build.0 = Debug|Any CPU
		{6173DD23-7361-45A1-A6B4-1EC5120F2B7C}.Debug|x64.ActiveCfg = Debug|Any CPU
		{6173DD23-7361-45A1-A6B4-1EC5120F2B7C}.Debug|x64.Build.0 = Debug|Any CPU
		{6173DD23-7361-45A1-A6B4-1EC5120F2B7C}.Debug|x86.ActiveCfg = Debug|Any CPU
		{6173DD23-7361-45A1-A6B4-1EC5120F2B7C}.Debug|x86.Build.0 = Debug|Any CPU
		{6173DD23-7361-45A1-A6B4-1EC5120F2B7C}.Release|Any CPU.ActiveCfg = Release|Any CPU
		{6173DD23-7361-45A1-A6B4-1EC5120F2B7C}.Release|Any CPU.Build.0 = Release|Any CPU
		{6173DD23-7361-45A1-A6B4-1EC5120F2B7C}.Release|x64.ActiveCfg = Release|Any CPU
		{6173DD23-7361-45A1-A6B4-1EC5120F2B7C}.Release|x64.Build.0 = Release|Any CPU
		{6173DD23-7361-45A1-A6B4-1EC5120F2B7C}.Release|x86.ActiveCfg = Release|Any CPU
		{6173DD23-7361-45A1-A6B4-1EC5120F2B7C}.Release|x86.Build.0 = Release|Any CPU
	EndGlobalSection
	GlobalSection(SolutionProperties) = preSolution
		HideSolutionNode = FALSE
	EndGlobalSection
	GlobalSection(ExtensibilityGlobals) = postSolution
		SolutionGuid = {21AC173D-E571-4B18-90FE-9D48B8521A4F}
	EndGlobalSection
EndGlobal
