Microsoft Visual Studio Solution File, Format Version 12.00
# Visual Studio Version 16
VisualStudioVersion = 16.0.0.0
MinimumVisualStudioVersion = 16.0.0.0
Project("{9A19103F-16F7-4668-BE54-9A1E7A4F7556}") = "BlazorCrudDotNet8", "BlazorCrudDotNet8\BlazorCrudDotNet8.csproj", "{BF9E3676-0010-44E6-9A74-F0F8070A0737}"
EndProject
Project("{9A19103F-16F7-4668-BE54-9A1E7A4F7556}") = "BlazorCrudDotNet8.Client", "BlazorCrudDotNet8.Client\BlazorCrudDotNet8.Client.csproj", "{43AC66AA-D285-403E-ABD8-F71351575D8D}"
EndProject
Project("{FAE04EC0-301F-11D3-BF4B-00C04F79EFBC}") = "BlazorCrudDotNet8.AcceptanceTests", "BlazorCrudDotNet8.AcceptanceTests\BlazorCrudDotNet8.AcceptanceTests.csproj", "{C9E193AF-B588-4BCE-865F-D2F624C3A269}"
EndProject
Project("{FAE04EC0-301F-11D3-BF4B-00C04F79EFBC}") = "BlazorCrudDotNet8.BusinessLogic", "BlazorCrudDotNet8.BusinessLogic\BlazorCrudDotNet8.BusinessLogic.csproj", "{A1857BD7-031E-4EA1-ACAB-288BE0BECDA7}"
EndProject
Project("{FAE04EC0-301F-11D3-BF4B-00C04F79EFBC}") = "BlazorCrudDotNet8.BusinessLogic.UnitTests", "BlazorCrudDotNet8.BusinessLogic.UnitTests\BlazorCrudDotNet8.BusinessLogic.UnitTests.csproj", "{7C4BE157-0F7F-4257-88BA-69AEEB590FAD}"
EndProject
Global
	GlobalSection(SolutionConfigurationPlatforms) = preSolution
		Debug|Any CPU = Debug|Any CPU
		Debug|x64 = Debug|x64
		Debug|x86 = Debug|x86
		Release|Any CPU = Release|Any CPU
		Release|x64 = Release|x64
		Release|x86 = Release|x86
	EndGlobalSection
	GlobalSection(ProjectConfigurationPlatforms) = postSolution
		{43AC66AA-D285-403E-ABD8-F71351575D8D}.Debug|Any CPU.ActiveCfg = Debug|Any CPU
		{43AC66AA-D285-403E-ABD8-F71351575D8D}.Debug|Any CPU.Build.0 = Debug|Any CPU
		{43AC66AA-D285-403E-ABD8-F71351575D8D}.Debug|x64.ActiveCfg = Debug|Any CPU
		{43AC66AA-D285-403E-ABD8-F71351575D8D}.Debug|x64.Build.0 = Debug|Any CPU
		{43AC66AA-D285-403E-ABD8-F71351575D8D}.Debug|x86.ActiveCfg = Debug|Any CPU
		{43AC66AA-D285-403E-ABD8-F71351575D8D}.Debug|x86.Build.0 = Debug|Any CPU
		{43AC66AA-D285-403E-ABD8-F71351575D8D}.Release|Any CPU.ActiveCfg = Release|Any CPU
		{43AC66AA-D285-403E-ABD8-F71351575D8D}.Release|Any CPU.Build.0 = Release|Any CPU
		{43AC66AA-D285-403E-ABD8-F71351575D8D}.Release|x64.ActiveCfg = Release|Any CPU
		{43AC66AA-D285-403E-ABD8-F71351575D8D}.Release|x64.Build.0 = Release|Any CPU
		{43AC66AA-D285-403E-ABD8-F71351575D8D}.Release|x86.ActiveCfg = Release|Any CPU
		{43AC66AA-D285-403E-ABD8-F71351575D8D}.Release|x86.Build.0 = Release|Any CPU
		{BF9E3676-0010-44E6-9A74-F0F8070A0737}.Debug|Any CPU.ActiveCfg = Debug|Any CPU
		{BF9E3676-0010-44E6-9A74-F0F8070A0737}.Debug|Any CPU.Build.0 = Debug|Any CPU
		{BF9E3676-0010-44E6-9A74-F0F8070A0737}.Debug|x64.ActiveCfg = Debug|Any CPU
		{BF9E3676-0010-44E6-9A74-F0F8070A0737}.Debug|x64.Build.0 = Debug|Any CPU
		{BF9E3676-0010-44E6-9A74-F0F8070A0737}.Debug|x86.ActiveCfg = Debug|Any CPU
		{BF9E3676-0010-44E6-9A74-F0F8070A0737}.Debug|x86.Build.0 = Debug|Any CPU
		{BF9E3676-0010-44E6-9A74-F0F8070A0737}.Release|Any CPU.ActiveCfg = Release|Any CPU
		{BF9E3676-0010-44E6-9A74-F0F8070A0737}.Release|Any CPU.Build.0 = Release|Any CPU
		{BF9E3676-0010-44E6-9A74-F0F8070A0737}.Release|x64.ActiveCfg = Release|Any CPU
		{BF9E3676-0010-44E6-9A74-F0F8070A0737}.Release|x64.Build.0 = Release|Any CPU
		{BF9E3676-0010-44E6-9A74-F0F8070A0737}.Release|x86.ActiveCfg = Release|Any CPU
		{BF9E3676-0010-44E6-9A74-F0F8070A0737}.Release|x86.Build.0 = Release|Any CPU
		{C9E193AF-B588-4BCE-865F-D2F624C3A269}.Debug|Any CPU.ActiveCfg = Debug|Any CPU
		{C9E193AF-B588-4BCE-865F-D2F624C3A269}.Debug|Any CPU.Build.0 = Debug|Any CPU
		{C9E193AF-B588-4BCE-865F-D2F624C3A269}.Debug|x64.ActiveCfg = Debug|Any CPU
		{C9E193AF-B588-4BCE-865F-D2F624C3A269}.Debug|x64.Build.0 = Debug|Any CPU
		{C9E193AF-B588-4BCE-865F-D2F624C3A269}.Debug|x86.ActiveCfg = Debug|Any CPU
		{C9E193AF-B588-4BCE-865F-D2F624C3A269}.Debug|x86.Build.0 = Debug|Any CPU
		{C9E193AF-B588-4BCE-865F-D2F624C3A269}.Release|Any CPU.ActiveCfg = Release|Any CPU
		{C9E193AF-B588-4BCE-865F-D2F624C3A269}.Release|Any CPU.Build.0 = Release|Any CPU
		{C9E193AF-B588-4BCE-865F-D2F624C3A269}.Release|x64.ActiveCfg = Release|Any CPU
		{C9E193AF-B588-4BCE-865F-D2F624C3A269}.Release|x64.Build.0 = Release|Any CPU
		{C9E193AF-B588-4BCE-865F-D2F624C3A269}.Release|x86.ActiveCfg = Release|Any CPU
		{C9E193AF-B588-4BCE-865F-D2F624C3A269}.Release|x86.Build.0 = Release|Any CPU
		{A1857BD7-031E-4EA1-ACAB-288BE0BECDA7}.Debug|Any CPU.ActiveCfg = Debug|Any CPU
		{A1857BD7-031E-4EA1-ACAB-288BE0BECDA7}.Debug|Any CPU.Build.0 = Debug|Any CPU
		{A1857BD7-031E-4EA1-ACAB-288BE0BECDA7}.Debug|x64.ActiveCfg = Debug|Any CPU
		{A1857BD7-031E-4EA1-ACAB-288BE0BECDA7}.Debug|x64.Build.0 = Debug|Any CPU
		{A1857BD7-031E-4EA1-ACAB-288BE0BECDA7}.Debug|x86.ActiveCfg = Debug|Any CPU
		{A1857BD7-031E-4EA1-ACAB-288BE0BECDA7}.Debug|x86.Build.0 = Debug|Any CPU
		{A1857BD7-031E-4EA1-ACAB-288BE0BECDA7}.Release|Any CPU.ActiveCfg = Release|Any CPU
		{A1857BD7-031E-4EA1-ACAB-288BE0BECDA7}.Release|Any CPU.Build.0 = Release|Any CPU
		{A1857BD7-031E-4EA1-ACAB-288BE0BECDA7}.Release|x64.ActiveCfg = Release|Any CPU
		{A1857BD7-031E-4EA1-ACAB-288BE0BECDA7}.Release|x64.Build.0 = Release|Any CPU
		{A1857BD7-031E-4EA1-ACAB-288BE0BECDA7}.Release|x86.ActiveCfg = Release|Any CPU
		{A1857BD7-031E-4EA1-ACAB-288BE0BECDA7}.Release|x86.Build.0 = Release|Any CPU
		{7C4BE157-0F7F-4257-88BA-69AEEB590FAD}.Debug|Any CPU.ActiveCfg = Debug|Any CPU
		{7C4BE157-0F7F-4257-88BA-69AEEB590FAD}.Debug|Any CPU.Build.0 = Debug|Any CPU
		{7C4BE157-0F7F-4257-88BA-69AEEB590FAD}.Debug|x64.ActiveCfg = Debug|Any CPU
		{7C4BE157-0F7F-4257-88BA-69AEEB590FAD}.Debug|x64.Build.0 = Debug|Any CPU
		{7C4BE157-0F7F-4257-88BA-69AEEB590FAD}.Debug|x86.ActiveCfg = Debug|Any CPU
		{7C4BE157-0F7F-4257-88BA-69AEEB590FAD}.Debug|x86.Build.0 = Debug|Any CPU
		{7C4BE157-0F7F-4257-88BA-69AEEB590FAD}.Release|Any CPU.ActiveCfg = Release|Any CPU
		{7C4BE157-0F7F-4257-88BA-69AEEB590FAD}.Release|Any CPU.Build.0 = Release|Any CPU
		{7C4BE157-0F7F-4257-88BA-69AEEB590FAD}.Release|x64.ActiveCfg = Release|Any CPU
		{7C4BE157-0F7F-4257-88BA-69AEEB590FAD}.Release|x64.Build.0 = Release|Any CPU
		{7C4BE157-0F7F-4257-88BA-69AEEB590FAD}.Release|x86.ActiveCfg = Release|Any CPU
		{7C4BE157-0F7F-4257-88BA-69AEEB590FAD}.Release|x86.Build.0 = Release|Any CPU
	EndGlobalSection
	GlobalSection(SolutionProperties) = preSolution
		HideSolutionNode = FALSE
	EndGlobalSection
	GlobalSection(ExtensibilityGlobals) = postSolution
		SolutionGuid = {C8DB38BE-13D2-4A59-A4CA-3405C673CD26}
	EndGlobalSection
EndGlobal
